
Microsoft Visual Studio Solution File, Format Version 12.00
# Visual Studio 15
VisualStudioVersion = 15.0.27703.2026
MinimumVisualStudioVersion = 10.0.40219.1
Project("{FAE04EC0-301F-11D3-BF4B-00C04F79EFBC}") = "PeerCollabTextEditor", "PeerCollabTextEditor\PeerCollabTextEditor.csproj", "{4D9F18D2-FB01-46FF-B8BC-BE8678D29E4D}"
EndProject
Global
	GlobalSection(SolutionConfigurationPlatforms) = preSolution
		Debug|Any CPU = Debug|Any CPU
		Release|Any CPU = Release|Any CPU
	EndGlobalSection
	GlobalSection(ProjectConfigurationPlatforms) = postSolution
		{4D9F18D2-FB01-46FF-B8BC-BE8678D29E4D}.Debug|Any CPU.ActiveCfg = Debug|Any CPU
		{4D9F18D2-FB01-46FF-B8BC-BE8678D29E4D}.Debug|Any CPU.Build.0 = Debug|Any CPU
		{4D9F18D2-FB01-46FF-B8BC-BE8678D29E4D}.Release|Any CPU.ActiveCfg = Release|Any CPU
		{4D9F18D2-FB01-46FF-B8BC-BE8678D29E4D}.Release|Any CPU.Build.0 = Release|Any CPU
	EndGlobalSection
	GlobalSection(SolutionProperties) = preSolution
		HideSolutionNode = FALSE
	EndGlobalSection
	GlobalSection(ExtensibilityGlobals) = postSolution
		SolutionGuid = {83799709-5431-46A6-87D8-E3F4450727CA}
	EndGlobalSection
EndGlobal
